
Microsoft Visual Studio Solution File, Format Version 12.00
# Visual Studio Version 17
VisualStudioVersion = 17.0.31903.59
MinimumVisualStudioVersion = 10.0.40219.1
Project("{FAE04EC0-301F-11D3-BF4B-00C04F79EFBC}") = "Sigurn.Rpc", "src\Sigurn.Rpc\Sigurn.Rpc.csproj", "{C8A16874-686F-48FD-B7B7-E7350CF51DB3}"
EndProject
Project("{FAE04EC0-301F-11D3-BF4B-00C04F79EFBC}") = "Sigurn.Rpc.Tests", "src\Sigurn.Rpc.Tests\Sigurn.Rpc.Tests.csproj", "{0F77D3E6-8E5B-4F52-8230-BF05B4F1FC81}"
EndProject
Project("{FAE04EC0-301F-11D3-BF4B-00C04F79EFBC}") = "Sigurn.Rpc.Generator", "src\Sigurn.Rpc.Generator\Sigurn.Rpc.Generator.csproj", "{F9E97B20-60B1-4EC7-A8D0-1992BF27CF2A}"
EndProject
Project("{2150E333-8FDC-42A3-9474-1A3956D46DE8}") = "src", "src", "{AC64B372-8C60-4291-A187-0BA2DF11BB5E}"
EndProject
Project("{FAE04EC0-301F-11D3-BF4B-00C04F79EFBC}") = "Sigurn.Rpc.IntegrationTests", "src\Sigurn.Rpc.IntegrationTests\Sigurn.Rpc.IntegrationTests.csproj", "{579513A6-581C-4CD2-9E01-FB2217DA1C5D}"
EndProject
Global
	GlobalSection(SolutionConfigurationPlatforms) = preSolution
		Debug|Any CPU = Debug|Any CPU
		Release|Any CPU = Release|Any CPU
	EndGlobalSection
	GlobalSection(SolutionProperties) = preSolution
		HideSolutionNode = FALSE
	EndGlobalSection
	GlobalSection(ProjectConfigurationPlatforms) = postSolution
		{C8A16874-686F-48FD-B7B7-E7350CF51DB3}.Debug|Any CPU.ActiveCfg = Debug|Any CPU
		{C8A16874-686F-48FD-B7B7-E7350CF51DB3}.Debug|Any CPU.Build.0 = Debug|Any CPU
		{C8A16874-686F-48FD-B7B7-E7350CF51DB3}.Release|Any CPU.ActiveCfg = Release|Any CPU
		{C8A16874-686F-48FD-B7B7-E7350CF51DB3}.Release|Any CPU.Build.0 = Release|Any CPU
		{0F77D3E6-8E5B-4F52-8230-BF05B4F1FC81}.Debug|Any CPU.ActiveCfg = Debug|Any CPU
		{0F77D3E6-8E5B-4F52-8230-BF05B4F1FC81}.Debug|Any CPU.Build.0 = Debug|Any CPU
		{0F77D3E6-8E5B-4F52-8230-BF05B4F1FC81}.Release|Any CPU.ActiveCfg = Release|Any CPU
		{0F77D3E6-8E5B-4F52-8230-BF05B4F1FC81}.Release|Any CPU.Build.0 = Release|Any CPU
		{F9E97B20-60B1-4EC7-A8D0-1992BF27CF2A}.Debug|Any CPU.ActiveCfg = Debug|Any CPU
		{F9E97B20-60B1-4EC7-A8D0-1992BF27CF2A}.Debug|Any CPU.Build.0 = Debug|Any CPU
		{F9E97B20-60B1-4EC7-A8D0-1992BF27CF2A}.Release|Any CPU.ActiveCfg = Release|Any CPU
		{F9E97B20-60B1-4EC7-A8D0-1992BF27CF2A}.Release|Any CPU.Build.0 = Release|Any CPU
		{579513A6-581C-4CD2-9E01-FB2217DA1C5D}.Debug|Any CPU.ActiveCfg = Debug|Any CPU
		{579513A6-581C-4CD2-9E01-FB2217DA1C5D}.Debug|Any CPU.Build.0 = Debug|Any CPU
		{579513A6-581C-4CD2-9E01-FB2217DA1C5D}.Release|Any CPU.ActiveCfg = Release|Any CPU
		{579513A6-581C-4CD2-9E01-FB2217DA1C5D}.Release|Any CPU.Build.0 = Release|Any CPU
	EndGlobalSection
	GlobalSection(NestedProjects) = preSolution
		{579513A6-581C-4CD2-9E01-FB2217DA1C5D} = {AC64B372-8C60-4291-A187-0BA2DF11BB5E}
	EndGlobalSection
EndGlobal
